
Microsoft Visual Studio Solution File, Format Version 12.00
# Visual Studio Version 17
VisualStudioVersion = 17.9.34728.123
MinimumVisualStudioVersion = 10.0.40219.1
Project("{FAE04EC0-301F-11D3-BF4B-00C04F79EFBC}") = "BankSimulator", "BankSimulator.csproj", "{628EC5C9-CC96-4505-A300-79C321696FA8}"
EndProject
Global
	GlobalSection(SolutionConfigurationPlatforms) = preSolution
		Debug|Any CPU = Debug|Any CPU
		Release|Any CPU = Release|Any CPU
	EndGlobalSection
	GlobalSection(ProjectConfigurationPlatforms) = postSolution
		{628EC5C9-CC96-4505-A300-79C321696FA8}.Debug|Any CPU.ActiveCfg = Debug|Any CPU
		{628EC5C9-CC96-4505-A300-79C321696FA8}.Debug|Any CPU.Build.0 = Debug|Any CPU
		{628EC5C9-CC96-4505-A300-79C321696FA8}.Release|Any CPU.ActiveCfg = Release|Any CPU
		{628EC5C9-CC96-4505-A300-79C321696FA8}.Release|Any CPU.Build.0 = Release|Any CPU
	EndGlobalSection
	GlobalSection(SolutionProperties) = preSolution
		HideSolutionNode = FALSE
	EndGlobalSection
	GlobalSection(ExtensibilityGlobals) = postSolution
		SolutionGuid = {3EA748F3-15B0-456D-81ED-E7C71E3FDB46}
	EndGlobalSection
EndGlobal
